
Microsoft Visual Studio Solution File, Format Version 12.00
# Visual Studio 2012
Project("{D954291E-2A0B-460D-934E-DC6B0785DB48}") = "XamarinProfile", "XamarinProfile\XamarinProfile.shproj", "{BC85FDE0-14BB-4EB2-B391-E7F94C4278D2}"
EndProject
Project("{FAE04EC0-301F-11D3-BF4B-00C04F79EFBC}") = "XamarinProfile.iOS", "iOS\XamarinProfile.iOS.csproj", "{856FE378-1A3D-412A-AD7F-CAE1CE6295EF}"
EndProject
Project("{FAE04EC0-301F-11D3-BF4B-00C04F79EFBC}") = "XamarinProfile.Droid", "Droid\XamarinProfile.Droid.csproj", "{4BA356F3-780D-4BD3-B516-1FF7683E2A75}"
EndProject
Global
	GlobalSection(SolutionConfigurationPlatforms) = preSolution
		Debug|iPhoneSimulator = Debug|iPhoneSimulator
		Release|iPhone = Release|iPhone
		Release|iPhoneSimulator = Release|iPhoneSimulator
		Debug|iPhone = Debug|iPhone
		Debug|Any CPU = Debug|Any CPU
		Release|Any CPU = Release|Any CPU
	EndGlobalSection
	GlobalSection(ProjectConfigurationPlatforms) = postSolution
		{4BA356F3-780D-4BD3-B516-1FF7683E2A75}.Debug|Any CPU.ActiveCfg = Debug|Any CPU
		{4BA356F3-780D-4BD3-B516-1FF7683E2A75}.Debug|Any CPU.Build.0 = Debug|Any CPU
		{4BA356F3-780D-4BD3-B516-1FF7683E2A75}.Debug|iPhone.ActiveCfg = Debug|Any CPU
		{4BA356F3-780D-4BD3-B516-1FF7683E2A75}.Debug|iPhone.Build.0 = Debug|Any CPU
		{4BA356F3-780D-4BD3-B516-1FF7683E2A75}.Debug|iPhoneSimulator.ActiveCfg = Debug|Any CPU
		{4BA356F3-780D-4BD3-B516-1FF7683E2A75}.Debug|iPhoneSimulator.Build.0 = Debug|Any CPU
		{4BA356F3-780D-4BD3-B516-1FF7683E2A75}.Release|Any CPU.ActiveCfg = Release|Any CPU
		{4BA356F3-780D-4BD3-B516-1FF7683E2A75}.Release|Any CPU.Build.0 = Release|Any CPU
		{4BA356F3-780D-4BD3-B516-1FF7683E2A75}.Release|iPhone.ActiveCfg = Release|Any CPU
		{4BA356F3-780D-4BD3-B516-1FF7683E2A75}.Release|iPhone.Build.0 = Release|Any CPU
		{4BA356F3-780D-4BD3-B516-1FF7683E2A75}.Release|iPhoneSimulator.ActiveCfg = Release|Any CPU
		{4BA356F3-780D-4BD3-B516-1FF7683E2A75}.Release|iPhoneSimulator.Build.0 = Release|Any CPU
		{856FE378-1A3D-412A-AD7F-CAE1CE6295EF}.Debug|Any CPU.ActiveCfg = Debug|iPhoneSimulator
		{856FE378-1A3D-412A-AD7F-CAE1CE6295EF}.Debug|Any CPU.Build.0 = Debug|iPhoneSimulator
		{856FE378-1A3D-412A-AD7F-CAE1CE6295EF}.Debug|iPhone.ActiveCfg = Debug|iPhone
		{856FE378-1A3D-412A-AD7F-CAE1CE6295EF}.Debug|iPhone.Build.0 = Debug|iPhone
		{856FE378-1A3D-412A-AD7F-CAE1CE6295EF}.Debug|iPhoneSimulator.ActiveCfg = Debug|iPhoneSimulator
		{856FE378-1A3D-412A-AD7F-CAE1CE6295EF}.Debug|iPhoneSimulator.Build.0 = Debug|iPhoneSimulator
		{856FE378-1A3D-412A-AD7F-CAE1CE6295EF}.Release|Any CPU.ActiveCfg = Release|iPhone
		{856FE378-1A3D-412A-AD7F-CAE1CE6295EF}.Release|Any CPU.Build.0 = Release|iPhone
		{856FE378-1A3D-412A-AD7F-CAE1CE6295EF}.Release|iPhone.ActiveCfg = Release|iPhone
		{856FE378-1A3D-412A-AD7F-CAE1CE6295EF}.Release|iPhone.Build.0 = Release|iPhone
		{856FE378-1A3D-412A-AD7F-CAE1CE6295EF}.Release|iPhoneSimulator.ActiveCfg = Release|iPhoneSimulator
		{856FE378-1A3D-412A-AD7F-CAE1CE6295EF}.Release|iPhoneSimulator.Build.0 = Release|iPhoneSimulator
	EndGlobalSection
EndGlobal
